
Microsoft Visual Studio Solution File, Format Version 12.00
# Visual Studio Version 16
VisualStudioVersion = 16.0.31105.61
MinimumVisualStudioVersion = 10.0.40219.1
Project("{FAE04EC0-301F-11D3-BF4B-00C04F79EFBC}") = "Klicker", "Klicker.csproj", "{4E9DC323-9D01-4D15-B15D-8932712E7671}"
EndProject
Project("{2150E333-8FDC-42A3-9474-1A3956D46DE8}") = "фото", "фото", "{942CE895-4FE7-4C44-9468-AA5C8510BB66}"
	ProjectSection(SolutionItems) = preProject
		..\Klicker\konkursa-wilderness-fotografiyah-krasivye-fotografii-neobychnye-fotografii_9871414272.jpg = ..\Klicker\konkursa-wilderness-fotografiyah-krasivye-fotografii-neobychnye-fotografii_9871414272.jpg
		МАНУЛ.jpg = МАНУЛ.jpg
		Мануле.png = Мануле.png
	EndProjectSection
EndProject
Global
	GlobalSection(SolutionConfigurationPlatforms) = preSolution
		Debug|Any CPU = Debug|Any CPU
		Release|Any CPU = Release|Any CPU
	EndGlobalSection
	GlobalSection(ProjectConfigurationPlatforms) = postSolution
		{4E9DC323-9D01-4D15-B15D-8932712E7671}.Debug|Any CPU.ActiveCfg = Debug|Any CPU
		{4E9DC323-9D01-4D15-B15D-8932712E7671}.Debug|Any CPU.Build.0 = Debug|Any CPU
		{4E9DC323-9D01-4D15-B15D-8932712E7671}.Release|Any CPU.ActiveCfg = Release|Any CPU
		{4E9DC323-9D01-4D15-B15D-8932712E7671}.Release|Any CPU.Build.0 = Release|Any CPU
	EndGlobalSection
	GlobalSection(SolutionProperties) = preSolution
		HideSolutionNode = FALSE
	EndGlobalSection
	GlobalSection(ExtensibilityGlobals) = postSolution
		SolutionGuid = {814CADC2-5C2B-4B6B-B1B4-B882F5AA5071}
	EndGlobalSection
EndGlobal
